
Microsoft Visual Studio Solution File, Format Version 12.00
# Visual Studio Version 17
VisualStudioVersion = 17.0.32112.339
MinimumVisualStudioVersion = 10.0.40219.1
Project("{FAE04EC0-301F-11D3-BF4B-00C04F79EFBC}") = "PharmacyManagementStudio", "PharmacyManagementStudio\PharmacyManagementStudio.csproj", "{02AA455C-69F9-486B-819E-03B097C2DADF}"
EndProject
Global
	GlobalSection(SolutionConfigurationPlatforms) = preSolution
		Debug|Any CPU = Debug|Any CPU
		Release|Any CPU = Release|Any CPU
	EndGlobalSection
	GlobalSection(ProjectConfigurationPlatforms) = postSolution
		{02AA455C-69F9-486B-819E-03B097C2DADF}.Debug|Any CPU.ActiveCfg = Debug|Any CPU
		{02AA455C-69F9-486B-819E-03B097C2DADF}.Debug|Any CPU.Build.0 = Debug|Any CPU
		{02AA455C-69F9-486B-819E-03B097C2DADF}.Release|Any CPU.ActiveCfg = Release|Any CPU
		{02AA455C-69F9-486B-819E-03B097C2DADF}.Release|Any CPU.Build.0 = Release|Any CPU
	EndGlobalSection
	GlobalSection(SolutionProperties) = preSolution
		HideSolutionNode = FALSE
	EndGlobalSection
	GlobalSection(ExtensibilityGlobals) = postSolution
		SolutionGuid = {7A24527C-F502-4776-9F91-F97F86981FC9}
	EndGlobalSection
EndGlobal
